
Microsoft Visual Studio Solution File, Format Version 12.00
# Visual Studio Version 16
VisualStudioVersion = 16.0.30804.86
MinimumVisualStudioVersion = 10.0.40219.1
Project("{888888A0-9F3D-457C-B088-3A5042F75D52}") = "CSVTrans", "CSVTrans.pyproj", "{CFCDF829-B519-4564-AB16-1F7F1BB6632E}"
EndProject
Global
	GlobalSection(SolutionConfigurationPlatforms) = preSolution
		Debug|Any CPU = Debug|Any CPU
		Release|Any CPU = Release|Any CPU
	EndGlobalSection
	GlobalSection(ProjectConfigurationPlatforms) = postSolution
		{CFCDF829-B519-4564-AB16-1F7F1BB6632E}.Debug|Any CPU.ActiveCfg = Debug|Any CPU
		{CFCDF829-B519-4564-AB16-1F7F1BB6632E}.Release|Any CPU.ActiveCfg = Release|Any CPU
	EndGlobalSection
	GlobalSection(SolutionProperties) = preSolution
		HideSolutionNode = FALSE
	EndGlobalSection
	GlobalSection(ExtensibilityGlobals) = postSolution
		SolutionGuid = {E0D0B865-5A5A-4047-A0D8-45458693450D}
	EndGlobalSection
EndGlobal
